{
  "name": "blog",
  "version": "1.0.0",
  "lockfileVersion": 1,
  "requires": true,
  "dependencies": {
    "art-template": {
      "version": "4.13.2",
      "resolved": "http://registry.npm.taobao.org/art-template/download/art-template-4.13.2.tgz",
      "dependencies": {
        "acorn": {
          "version": "http://registry.npm.taobao.org/acorn/download/acorn-5.7.3.tgz",
          "bundled": true
        },
        "escodegen": {
          "version": "http://registry.npm.taobao.org/escodegen/download/escodegen-1.11.1.tgz",
          "bundled": true
        },
        "estraverse": {
          "version": "http://registry.npm.taobao.org/estraverse/download/estraverse-4.2.0.tgz",
          "bundled": true
        },
        "html-minifier": {
          "version": "http://registry.npm.taobao.org/html-minifier/download/html-minifier-3.5.21.tgz",
          "bundled": true
        },
        "is-keyword-js": {
          "version": "http://registry.npm.taobao.org/is-keyword-js/download/is-keyword-js-1.0.3.tgz",
          "bundled": true
        },
        "js-tokens": {
          "version": "http://registry.npm.taobao.org/js-tokens/download/js-tokens-3.0.2.tgz",
          "bundled": true
        },
        "merge-source-map": {
          "version": "http://registry.npm.taobao.org/merge-source-map/download/merge-source-map-1.1.0.tgz",
          "bundled": true
        },
        "source-map": {
          "version": "http://registry.npm.taobao.org/source-map/download/source-map-0.5.7.tgz",
          "bundled": true
        }
      }
    },
    "express-art-template": {
      "version": "1.0.1",
      "resolved": "http://registry.npm.taobao.org/express-art-template/download/express-art-template-1.0.1.tgz"
    },
    "jquery": {
      "version": "3.3.1",
      "resolved": "https://registry.npmjs.org/jquery/-/jquery-3.3.1.tgz",
      "integrity": "sha512-Ubldcmxp5np52/ENotGxlLe6aGMvmF4R8S6tZjsP6Knsaxd/xp3Zrh50cG93lR6nPXyUFwzN3ZSOQI0wRJNdGg=="
    }
  }
}
